FORGE
  remote: http://forge.puppetlabs.com
  specs:
    darin/zypprepo (1.0.1)
    puppetlabs/apt (1.6.0)
      puppetlabs/stdlib (>= 2.2.1)
    puppetlabs/java (1.1.1)
      puppetlabs/stdlib (>= 0.1.6)
    puppetlabs/stdlib (4.3.2)

GIT
  remote: git://github.com/jenkinsci/puppet-jenkins.git
  ref: v1.1.0
  sha: bd615225f7d054d8dad8d9173457c9c5c188c331
  specs:
    rtyler/jenkins (1.1.0)
      darin/zypprepo (>= 1.0.1)
      puppetlabs/apt (>= 0.0.3)
      puppetlabs/java (>= 1.0.1)
      puppetlabs/stdlib (>= 2.0.0)

DEPENDENCIES
  rtyler/jenkins (>= 0)

